
Microsoft Visual Studio Solution File, Format Version 12.00
# Visual Studio Version 16
VisualStudioVersion = 16.0.31205.134
MinimumVisualStudioVersion = 10.0.40219.1
Project("{FAE04EC0-301F-11D3-BF4B-00C04F79EFBC}") = "WebApplication1", "WebApplication1\WebApplication1.csproj", "{724CC12E-D9FE-42B5-B190-AC12A071F120}"
EndProject
Global
	GlobalSection(SolutionConfigurationPlatforms) = preSolution
		Debug|Any CPU = Debug|Any CPU
		Release|Any CPU = Release|Any CPU
	EndGlobalSection
	GlobalSection(ProjectConfigurationPlatforms) = postSolution
		{724CC12E-D9FE-42B5-B190-AC12A071F120}.Debug|Any CPU.ActiveCfg = Debug|Any CPU
		{724CC12E-D9FE-42B5-B190-AC12A071F120}.Debug|Any CPU.Build.0 = Debug|Any CPU
		{724CC12E-D9FE-42B5-B190-AC12A071F120}.Release|Any CPU.ActiveCfg = Release|Any CPU
		{724CC12E-D9FE-42B5-B190-AC12A071F120}.Release|Any CPU.Build.0 = Release|Any CPU
	EndGlobalSection
	GlobalSection(SolutionProperties) = preSolution
		HideSolutionNode = FALSE
	EndGlobalSection
	GlobalSection(ExtensibilityGlobals) = postSolution
		SolutionGuid = {1C707662-7718-4BEA-912B-ED2048155092}
	EndGlobalSection
EndGlobal
